
Microsoft Visual Studio Solution File, Format Version 12.00
# Visual Studio 15
VisualStudioVersion = 15.0.27428.2002
MinimumVisualStudioVersion = 10.0.40219.1
Project("{FAE04EC0-301F-11D3-BF4B-00C04F79EFBC}") = "Task1", "Task1\Task1.csproj", "{F8F1B221-06FF-4983-A428-C6073C081AEE}"
EndProject
Global
	GlobalSection(SolutionConfigurationPlatforms) = preSolution
		Debug|Any CPU = Debug|Any CPU
		Release|Any CPU = Release|Any CPU
	EndGlobalSection
	GlobalSection(ProjectConfigurationPlatforms) = postSolution
		{F8F1B221-06FF-4983-A428-C6073C081AEE}.Debug|Any CPU.ActiveCfg = Debug|Any CPU
		{F8F1B221-06FF-4983-A428-C6073C081AEE}.Debug|Any CPU.Build.0 = Debug|Any CPU
		{F8F1B221-06FF-4983-A428-C6073C081AEE}.Release|Any CPU.ActiveCfg = Release|Any CPU
		{F8F1B221-06FF-4983-A428-C6073C081AEE}.Release|Any CPU.Build.0 = Release|Any CPU
	EndGlobalSection
	GlobalSection(SolutionProperties) = preSolution
		HideSolutionNode = FALSE
	EndGlobalSection
	GlobalSection(ExtensibilityGlobals) = postSolution
		SolutionGuid = {09FB32B5-1629-46DB-8288-1DA74D632CD4}
	EndGlobalSection
EndGlobal
