
Microsoft Visual Studio Solution File, Format Version 12.00
# Visual Studio 15
VisualStudioVersion = 15.0.27428.2002
MinimumVisualStudioVersion = 10.0.40219.1
Project("{FAE04EC0-301F-11D3-BF4B-00C04F79EFBC}") = "Task1", "Task1\Task1.csproj", "{6ED8773F-00A5-4665-8517-F25FAB0711F8}"
EndProject
Project("{FAE04EC0-301F-11D3-BF4B-00C04F79EFBC}") = "Task2", "Task2\Task2.csproj", "{6BC33539-AD39-4FC8-B4C7-3AA8808580B3}"
EndProject
Project("{FAE04EC0-301F-11D3-BF4B-00C04F79EFBC}") = "Task4", "Task4\Task4.csproj", "{FAE4DFEE-F1E1-474F-9AD2-E9F70F43E1E4}"
EndProject
Project("{FAE04EC0-301F-11D3-BF4B-00C04F79EFBC}") = "Task3", "Task3\Task3.csproj", "{DF64646C-E444-43B2-9A87-8BE4F27AD448}"
EndProject
Project("{FAE04EC0-301F-11D3-BF4B-00C04F79EFBC}") = "Task5", "ConsoleApp1\Task5.csproj", "{DBCF7C3E-1945-4A26-B587-9B9999C05DB7}"
EndProject
Global
	GlobalSection(SolutionConfigurationPlatforms) = preSolution
		Debug|Any CPU = Debug|Any CPU
		Release|Any CPU = Release|Any CPU
	EndGlobalSection
	GlobalSection(ProjectConfigurationPlatforms) = postSolution
		{6ED8773F-00A5-4665-8517-F25FAB0711F8}.Debug|Any CPU.ActiveCfg = Debug|Any CPU
		{6ED8773F-00A5-4665-8517-F25FAB0711F8}.Debug|Any CPU.Build.0 = Debug|Any CPU
		{6ED8773F-00A5-4665-8517-F25FAB0711F8}.Release|Any CPU.ActiveCfg = Release|Any CPU
		{6ED8773F-00A5-4665-8517-F25FAB0711F8}.Release|Any CPU.Build.0 = Release|Any CPU
		{6BC33539-AD39-4FC8-B4C7-3AA8808580B3}.Debug|Any CPU.ActiveCfg = Debug|Any CPU
		{6BC33539-AD39-4FC8-B4C7-3AA8808580B3}.Debug|Any CPU.Build.0 = Debug|Any CPU
		{6BC33539-AD39-4FC8-B4C7-3AA8808580B3}.Release|Any CPU.ActiveCfg = Release|Any CPU
		{6BC33539-AD39-4FC8-B4C7-3AA8808580B3}.Release|Any CPU.Build.0 = Release|Any CPU
		{FAE4DFEE-F1E1-474F-9AD2-E9F70F43E1E4}.Debug|Any CPU.ActiveCfg = Debug|Any CPU
		{FAE4DFEE-F1E1-474F-9AD2-E9F70F43E1E4}.Debug|Any CPU.Build.0 = Debug|Any CPU
		{FAE4DFEE-F1E1-474F-9AD2-E9F70F43E1E4}.Release|Any CPU.ActiveCfg = Release|Any CPU
		{FAE4DFEE-F1E1-474F-9AD2-E9F70F43E1E4}.Release|Any CPU.Build.0 = Release|Any CPU
		{DF64646C-E444-43B2-9A87-8BE4F27AD448}.Debug|Any CPU.ActiveCfg = Debug|Any CPU
		{DF64646C-E444-43B2-9A87-8BE4F27AD448}.Debug|Any CPU.Build.0 = Debug|Any CPU
		{DF64646C-E444-43B2-9A87-8BE4F27AD448}.Release|Any CPU.ActiveCfg = Release|Any CPU
		{DF64646C-E444-43B2-9A87-8BE4F27AD448}.Release|Any CPU.Build.0 = Release|Any CPU
		{DBCF7C3E-1945-4A26-B587-9B9999C05DB7}.Debug|Any CPU.ActiveCfg = Debug|Any CPU
		{DBCF7C3E-1945-4A26-B587-9B9999C05DB7}.Debug|Any CPU.Build.0 = Debug|Any CPU
		{DBCF7C3E-1945-4A26-B587-9B9999C05DB7}.Release|Any CPU.ActiveCfg = Release|Any CPU
		{DBCF7C3E-1945-4A26-B587-9B9999C05DB7}.Release|Any CPU.Build.0 = Release|Any CPU
	EndGlobalSection
	GlobalSection(SolutionProperties) = preSolution
		HideSolutionNode = FALSE
	EndGlobalSection
	GlobalSection(ExtensibilityGlobals) = postSolution
		SolutionGuid = {2FFED691-3B1A-4508-A9D8-49841FC7400E}
	EndGlobalSection
EndGlobal
